
Microsoft Visual Studio Solution File, Format Version 12.00
# Visual Studio Version 16
VisualStudioVersion = 16.0.29001.49
MinimumVisualStudioVersion = 10.0.40219.1
Project("{FAE04EC0-301F-11D3-BF4B-00C04F79EFBC}") = "Maths", "Maths\Maths.csproj", "{C3C2FF30-A887-4177-AD0D-22E05B268A5C}"
EndProject
Global
	GlobalSection(SolutionConfigurationPlatforms) = preSolution
		Debug|Any CPU = Debug|Any CPU
		Release|Any CPU = Release|Any CPU
	EndGlobalSection
	GlobalSection(ProjectConfigurationPlatforms) = postSolution
		{C3C2FF30-A887-4177-AD0D-22E05B268A5C}.Debug|Any CPU.ActiveCfg = Debug|Any CPU
		{C3C2FF30-A887-4177-AD0D-22E05B268A5C}.Debug|Any CPU.Build.0 = Debug|Any CPU
		{C3C2FF30-A887-4177-AD0D-22E05B268A5C}.Release|Any CPU.ActiveCfg = Release|Any CPU
		{C3C2FF30-A887-4177-AD0D-22E05B268A5C}.Release|Any CPU.Build.0 = Release|Any CPU
	EndGlobalSection
	GlobalSection(SolutionProperties) = preSolution
		HideSolutionNode = FALSE
	EndGlobalSection
	GlobalSection(ExtensibilityGlobals) = postSolution
		SolutionGuid = {B73F2E77-5FFF-4DB6-8F7C-DE4414A50A30}
	EndGlobalSection
EndGlobal
